
Microsoft Visual Studio Solution File, Format Version 12.00
# Visual Studio Version 16
VisualStudioVersion = 16.0.30225.117
MinimumVisualStudioVersion = 10.0.40219.1
Project("{FAE04EC0-301F-11D3-BF4B-00C04F79EFBC}") = "Prank1", "Prank1.csproj", "{608AD49B-5B0B-4F2D-8E3C-1536A154C248}"
EndProject
Global
	GlobalSection(SolutionConfigurationPlatforms) = preSolution
		Debug|Any CPU = Debug|Any CPU
		Release|Any CPU = Release|Any CPU
	EndGlobalSection
	GlobalSection(ProjectConfigurationPlatforms) = postSolution
		{608AD49B-5B0B-4F2D-8E3C-1536A154C248}.Debug|Any CPU.ActiveCfg = Debug|Any CPU
		{608AD49B-5B0B-4F2D-8E3C-1536A154C248}.Debug|Any CPU.Build.0 = Debug|Any CPU
		{608AD49B-5B0B-4F2D-8E3C-1536A154C248}.Release|Any CPU.ActiveCfg = Release|Any CPU
		{608AD49B-5B0B-4F2D-8E3C-1536A154C248}.Release|Any CPU.Build.0 = Release|Any CPU
	EndGlobalSection
	GlobalSection(SolutionProperties) = preSolution
		HideSolutionNode = FALSE
	EndGlobalSection
	GlobalSection(ExtensibilityGlobals) = postSolution
		SolutionGuid = {4A762F4F-47AE-427E-B665-7DD2B8A9F95E}
	EndGlobalSection
EndGlobal
